lockfileVersion: '9.0'

settings:
  autoInstallPeers: true
  excludeLinksFromLockfile: false

importers:

  .:
    dependencies:
      '@grapesjs/studio-sdk':
        specifier: ^1.0.56
        version: 1.0.56(react-dom@19.2.3(react@19.2.3))(react@19.2.3)

packages:

  '@grapesjs/react@2.0.0':
    resolution: {integrity: sha512-RpQhLqqr+6PjPB6bonQ4GgANfc9eoKyqa3SplLKPBoWX8OrzYUg62q5taTbyL7MTT+OzrmAHPOLyPGdqux9+Pg==}
    peerDependencies:
      grapesjs: ^0.22.5
      react: ^18.0.0 || ^19.0.0
      react-dom: ^18.0.0 || ^19.0.0

  '@grapesjs/studio-sdk@1.0.56':
    resolution: {integrity: sha512-9Po/gWg+FsJbWbTBpOE7EPZjRAwgqfJ+/7nLuD1OfhMYt+F+0ck3ErTwl7Ri9/VT9NfOGDW//3NqlNzy5p0wtA==}

  '@types/backbone@1.4.15':
    resolution: {integrity: sha512-WWeKtYlsIMtDyLbbhkb96taJMEbfQBnuz7yw1u0pkphCOtksemoWhIXhK74VRCY9hbjnsH3rsJu2uUiFtnsEYg==}

  '@types/jquery@3.5.33':
    resolution: {integrity: sha512-SeyVJXlCZpEki5F0ghuYe+L+PprQta6nRZqhONt9F13dWBtR/ftoaIbdRQ7cis7womE+X2LKhsDdDtkkDhJS6g==}

  '@types/react-dom@19.2.3':
    resolution: {integrity: sha512-jp2L/eY6fn+KgVVQAOqYItbF0VY/YApe5Mz2F0aykSO8gx31bYCZyvSeYxCHKvzHG5eZjc+zyaS5BrBWya2+kQ==}
    peerDependencies:
      '@types/react': ^19.2.0

  '@types/react@19.2.7':
    resolution: {integrity: sha512-MWtvHrGZLFttgeEj28VXHxpmwYbor/ATPYbBfSFZEIRK0ecCFLl2Qo55z52Hss+UV9CRN7trSeq1zbgx7YDWWg==}

  '@types/sizzle@2.3.10':
    resolution: {integrity: sha512-TC0dmN0K8YcWEAEfiPi5gJP14eJe30TTGjkvek3iM/1NdHHsdCA/Td6GvNndMOo/iSnIsZ4HuuhrYPDAmbxzww==}

  '@types/underscore@1.13.0':
    resolution: {integrity: sha512-L6LBgy1f0EFQZ+7uSA57+n2g/s4Qs5r06Vwrwn0/nuK1de+adz00NWaztRQ30aEqw5qOaWbPI8u2cGQ52lj6VA==}

  backbone-undo@0.2.6:
    resolution: {integrity: sha512-AsfpNiljLXlk7TcffDUu3EAUq7CxWbyTNwARWrql5XTzN4vh6WzEEBZYaKK4kTTz+iW1tSzqUooaGRIwO83kWA==}
    deprecated: Package no longer supported. Contact Support at https://www.npmjs.com/support for more info.

  backbone@1.4.1:
    resolution: {integrity: sha512-ADy1ztN074YkWbHi8ojJVFe3vAanO/lrzMGZWUClIP7oDD/Pjy2vrASraUP+2EVCfIiTtCW4FChVow01XneivA==}

  codemirror-formatting@1.0.0:
    resolution: {integrity: sha512-br9yM6eJI3pJHekEnoyHaBEb1B7XxxDjju+vRyBe8QGLp5saTIXXkZ+eFCTqXSAtI8QEZDFVEX2/SOjH2sVWRQ==}

  codemirror@5.63.0:
    resolution: {integrity: sha512-KlLWRPggDg2rBD1Mx7/EqEhaBdy+ybBCVh/efgjBDsPpMeEu6MbTAJzIT4TuCzvmbTEgvKOGzVT6wdBTNusqrg==}

  csstype@3.2.3:
    resolution: {integrity: sha512-z1HGKcYy2xA8AGQfwrn0PAy+PB7X/GSj3UVJW9qKyn43xWa+gl5nXmU4qqLMRzWVLFC8KusUX8T/0kCiOYpAIQ==}

  grapesjs@0.22.14:
    resolution: {integrity: sha512-UyHKGtB9YOQ4bmvhmwY3H7J6SO30qgIH4qRp1ucUlblS21btMxY90xwQuAVIi+EFGl0wi8v1NBEYvA52eIEfyg==}

  html-entities@1.4.0:
    resolution: {integrity: sha512-8nxjcBcd8wovbeKx7h3wTji4e6+rhaVuPNpMqwWgnHh+N9ToqsCs6XztWRBPQ+UtzsoMAdKZtUENoVzU/EMtZA==}

  promise-polyfill@8.3.0:
    resolution: {integrity: sha512-H5oELycFml5yto/atYqmjyigJoAo3+OXwolYiH7OfQuYlAqhxNvTfiNMbV9hsC6Yp83yE5r2KTVmtrG6R9i6Pg==}

  react-dom@19.2.3:
    resolution: {integrity: sha512-yELu4WmLPw5Mr/lmeEpox5rw3RETacE++JgHqQzd2dg+YbJuat3jH4ingc+WPZhxaoFzdv9y33G+F7Nl5O0GBg==}
    peerDependencies:
      react: ^19.2.3

  react@19.2.3:
    resolution: {integrity: sha512-Ku/hhYbVjOQnXDZFv2+RibmLFGwFdeeKHFcOTlrt7xplBnya5OGn/hIRDsqDiSUcfORsDC7MPxwork8jBwsIWA==}
    engines: {node: '>=0.10.0'}

  scheduler@0.27.0:
    resolution: {integrity: sha512-eNv+WrVbKu1f3vbYJT/xtiF5syA5HPIMtf9IgY/nKg0sWqzAUEvqY/xm7OcZc/qafLx/iO9FgOmeSAp4v5ti/Q==}

  underscore@1.13.1:
    resolution: {integrity: sha512-hzSoAVtJF+3ZtiFX0VgfFPHEDRm7Y/QPjGyNo4TVdnDTdft3tr8hEkD25a1jC+TjTuE7tkHGKkhwCgs9dgBB2g==}

snapshots:

  '@grapesjs/react@2.0.0(grapesjs@0.22.14)(react-dom@19.2.3(react@19.2.3))(react@19.2.3)':
    dependencies:
      '@types/react': 19.2.7
      '@types/react-dom': 19.2.3(@types/react@19.2.7)
      grapesjs: 0.22.14
      react: 19.2.3
      react-dom: 19.2.3(react@19.2.3)

  '@grapesjs/studio-sdk@1.0.56(react-dom@19.2.3(react@19.2.3))(react@19.2.3)':
    dependencies:
      '@grapesjs/react': 2.0.0(grapesjs@0.22.14)(react-dom@19.2.3(react@19.2.3))(react@19.2.3)
      grapesjs: 0.22.14
    transitivePeerDependencies:
      - react
      - react-dom

  '@types/backbone@1.4.15':
    dependencies:
      '@types/jquery': 3.5.33
      '@types/underscore': 1.13.0

  '@types/jquery@3.5.33':
    dependencies:
      '@types/sizzle': 2.3.10

  '@types/react-dom@19.2.3(@types/react@19.2.7)':
    dependencies:
      '@types/react': 19.2.7

  '@types/react@19.2.7':
    dependencies:
      csstype: 3.2.3

  '@types/sizzle@2.3.10': {}

  '@types/underscore@1.13.0': {}

  backbone-undo@0.2.6:
    dependencies:
      backbone: 1.4.1
      underscore: 1.13.1

  backbone@1.4.1:
    dependencies:
      underscore: 1.13.1

  codemirror-formatting@1.0.0: {}

  codemirror@5.63.0: {}

  csstype@3.2.3: {}

  grapesjs@0.22.14:
    dependencies:
      '@types/backbone': 1.4.15
      backbone: 1.4.1
      backbone-undo: 0.2.6
      codemirror: 5.63.0
      codemirror-formatting: 1.0.0
      html-entities: 1.4.0
      promise-polyfill: 8.3.0
      underscore: 1.13.1

  html-entities@1.4.0: {}

  promise-polyfill@8.3.0: {}

  react-dom@19.2.3(react@19.2.3):
    dependencies:
      react: 19.2.3
      scheduler: 0.27.0

  react@19.2.3: {}

  scheduler@0.27.0: {}

  underscore@1.13.1: {}
